version = 1
revision = 2
requires-python = ">=3.12"

[[package]]
name = "appscript"
version = "1.3.0"
source = { registry = "https://pypi.org/simple" }
dependencies = [
    { name = "lxml" },
]
sdist = { url = "https://files.pythonhosted.org/packages/a3/84/5c0aec149c6a002d46af17e3d2c5efbe5e8258ef7574cfc17cd1b26c726e/appscript-1.3.0.tar.gz", hash = "sha256:80943118bc97f9f78a8aa55f85565752ed4d82c7893427d7d9ebfdf401c12b2c", size = 295205, upload-time = "2024-10-13T12:34:00.57Z" }
wheels = [
    { url = "https://files.pythonhosted.org/packages/b8/e2/05fd221bea1d309211569130a1a8f0966eb56394e46df068a69df0f29d61/appscript-1.3.0-cp312-cp312-macosx_10_13_universal2.whl", hash = "sha256:c0b5c160908de728072d4a0ae57f286608c5d7692bfccbc6eadde868aac2742b", size = 99575, upload-time = "2024-10-13T12:33:53.629Z" },
    { url = "https://files.pythonhosted.org/packages/df/2f/3ee4190ce97b0b39df58184210d3baaa5fe59ae0972e63c2c85f122ca887/appscript-1.3.0-cp312-cp312-macosx_10_13_x86_64.whl", hash = "sha256:d2a287b81030c81017127d4fb1c24729623576c50d2ff41694476b9af3ce0a97", size = 85496, upload-time = "2024-10-13T12:33:55.108Z" },
    { url = "https://files.pythonhosted.org/packages/92/5a/3b642e3e904fb37d45e40bb07b4362979160bdecb0d37aa74f2506b1a47e/appscript-1.3.0-cp313-cp313-macosx_10_13_universal2.whl", hash = "sha256:13094640e2694b888827d4e133f33dad1e08c9d7102b447c3cc8a73246fdab40", size = 99574, upload-time = "2024-10-13T12:33:56.317Z" },
    { url = "https://files.pythonhosted.org/packages/5c/bc/d8558bec737e02a9c404fb3b985b8636c313bb65a176375d551cb839e876/appscript-1.3.0-cp313-cp313-macosx_10_13_x86_64.whl", hash = "sha256:e7b4760105810e9b1ecd5b40aba7617e0a047346fb94ee4370e9d37e4383b78d", size = 85503, upload-time = "2024-10-13T12:33:57.54Z" },
]

[[package]]
name = "cffi"
version = "1.17.1"
source = { registry = "https://pypi.org/simple" }
dependencies = [
    { name = "pycparser" },
]
sdist = { url = "https://files.pythonhosted.org/packages/fc/97/c783634659c2920c3fc70419e3af40972dbaf758daa229a7d6ea6135c90d/cffi-1.17.1.tar.gz", hash = "sha256:1c39c6016c32bc48dd54561950ebd6836e1670f2ae46128f67cf49e789c52824", size = 516621, upload-time = "2024-09-04T20:45:21.852Z" }
wheels = [
    { url = "https://files.pythonhosted.org/packages/5a/84/e94227139ee5fb4d600a7a4927f322e1d4aea6fdc50bd3fca8493caba23f/cffi-1.17.1-cp312-cp312-macosx_10_9_x86_64.whl", hash = "sha256:805b4371bf7197c329fcb3ead37e710d1bca9da5d583f5073b799d5c5bd1eee4", size = 183178, upload-time = "2024-09-04T20:44:12.232Z" },
    { url = "https://files.pythonhosted.org/packages/da/ee/fb72c2b48656111c4ef27f0f91da355e130a923473bf5ee75c5643d00cca/cffi-1.17.1-cp312-cp312-macosx_11_0_arm64.whl", hash = "sha256:733e99bc2df47476e3848417c5a4540522f234dfd4ef3ab7fafdf555b082ec0c", size = 178840, upload-time = "2024-09-04T20:44:13.739Z" },
    { url = "https://files.pythonhosted.org/packages/cc/b6/db007700f67d151abadf508cbfd6a1884f57eab90b1bb985c4c8c02b0f28/cffi-1.17.1-cp312-cp312-manylinux_2_12_i686.manylinux2010_i686.manylinux_2_17_i686.manylinux2014_i686.whl", hash = "sha256:1257bdabf294dceb59f5e70c64a3e2f462c30c7ad68092d01bbbfb1c16b1ba36", size = 454803, upload-time = "2024-09-04T20:44:15.231Z" },
    { url = "https://files.pythonhosted.org/packages/1a/df/f8d151540d8c200eb1c6fba8cd0dfd40904f1b0682ea705c36e6c2e97ab3/cffi-1.17.1-cp312-cp312-manylinux_2_17_aarch64.manylinux2014_aarch64.whl", hash = "sha256:da95af8214998d77a98cc14e3a3bd00aa191526343078b530ceb0bd710fb48a5", size = 478850, upload-time = "2024-09-04T20:44:17.188Z" },
    { url = "https://files.pythonhosted.org/packages/28/c0/b31116332a547fd2677ae5b78a2ef662dfc8023d67f41b2a83f7c2aa78b1/cffi-1.17.1-cp312-cp312-manylinux_2_17_ppc64le.manylinux2014_ppc64le.whl", hash = "sha256:d63afe322132c194cf832bfec0dc69a99fb9bb6bbd550f161a49e9e855cc78ff", size = 485729, upload-time = "2024-09-04T20:44:18.688Z" },
    { url = "https://files.pythonhosted.org/packages/91/2b/9a1ddfa5c7f13cab007a2c9cc295b70fbbda7cb10a286aa6810338e60ea1/cffi-1.17.1-cp312-cp312-manylinux_2_17_s390x.manylinux2014_s390x.whl", hash = "sha256:f79fc4fc25f1c8698ff97788206bb3c2598949bfe0fef03d299eb1b5356ada99", size = 471256, upload-time = "2024-09-04T20:44:20.248Z" },
    { url = "https://files.pythonhosted.org/packages/b2/d5/da47df7004cb17e4955df6a43d14b3b4ae77737dff8bf7f8f333196717bf/cffi-1.17.1-cp312-cp312-manylinux_2_17_x86_64.manylinux2014_x86_64.whl", hash = "sha256:b62ce867176a75d03a665bad002af8e6d54644fad99a3c70905c543130e39d93", size = 479424, upload-time = "2024-09-04T20:44:21.673Z" },
    { url = "https://files.pythonhosted.org/packages/0b/ac/2a28bcf513e93a219c8a4e8e125534f4f6db03e3179ba1c45e949b76212c/cffi-1.17.1-cp312-cp312-musllinux_1_1_aarch64.whl", hash = "sha256:386c8bf53c502fff58903061338ce4f4950cbdcb23e2902d86c0f722b786bbe3", size = 484568, upload-time = "2024-09-04T20:44:23.245Z" },
    { url = "https://files.pythonhosted.org/packages/d4/38/ca8a4f639065f14ae0f1d9751e70447a261f1a30fa7547a828ae08142465/cffi-1.17.1-cp312-cp312-musllinux_1_1_x86_64.whl", hash = "sha256:4ceb10419a9adf4460ea14cfd6bc43d08701f0835e979bf821052f1805850fe8", size = 488736, upload-time = "2024-09-04T20:44:24.757Z" },
    { url = "https://files.pythonhosted.org/packages/86/c5/28b2d6f799ec0bdecf44dced2ec5ed43e0eb63097b0f58c293583b406582/cffi-1.17.1-cp312-cp312-win32.whl", hash = "sha256:a08d7e755f8ed21095a310a693525137cfe756ce62d066e53f502a83dc550f65", size = 172448, upload-time = "2024-09-04T20:44:26.208Z" },
    { url = "https://files.pythonhosted.org/packages/50/b9/db34c4755a7bd1cb2d1603ac3863f22bcecbd1ba29e5ee841a4bc510b294/cffi-1.17.1-cp312-cp312-win_amd64.whl", hash = "sha256:51392eae71afec0d0c8fb1a53b204dbb3bcabcb3c9b807eedf3e1e6ccf2de903", size = 181976, upload-time = "2024-09-04T20:44:27.578Z" },
    { url = "https://files.pythonhosted.org/packages/8d/f8/dd6c246b148639254dad4d6803eb6a54e8c85c6e11ec9df2cffa87571dbe/cffi-1.17.1-cp313-cp313-macosx_10_13_x86_64.whl", hash = "sha256:f3a2b4222ce6b60e2e8b337bb9596923045681d71e5a082783484d845390938e", size = 182989, upload-time = "2024-09-04T20:44:28.956Z" },
    { url = "https://files.pythonhosted.org/packages/8b/f1/672d303ddf17c24fc83afd712316fda78dc6fce1cd53011b839483e1ecc8/cffi-1.17.1-cp313-cp313-macosx_11_0_arm64.whl", hash = "sha256:0984a4925a435b1da406122d4d7968dd861c1385afe3b45ba82b750f229811e2", size = 178802, upload-time = "2024-09-04T20:44:30.289Z" },
    { url = "https://files.pythonhosted.org/packages/0e/2d/eab2e858a91fdff70533cab61dcff4a1f55ec60425832ddfdc9cd36bc8af/cffi-1.17.1-cp313-cp313-manylinux_2_12_i686.manylinux2010_i686.manylinux_2_17_i686.manylinux2014_i686.whl", hash = "sha256:d01b12eeeb4427d3110de311e1774046ad344f5b1a7403101878976ecd7a10f3", size = 454792, upload-time = "2024-09-04T20:44:32.01Z" },
    { url = "https://files.pythonhosted.org/packages/75/b2/fbaec7c4455c604e29388d55599b99ebcc250a60050610fadde58932b7ee/cffi-1.17.1-cp313-cp313-manylinux_2_17_aarch64.manylinux2014_aarch64.whl", hash = "sha256:706510fe141c86a69c8ddc029c7910003a17353970cff3b904ff0686a5927683", size = 478893, upload-time = "2024-09-04T20:44:33.606Z" },
    { url = "https://files.pythonhosted.org/packages/4f/b7/6e4a2162178bf1935c336d4da8a9352cccab4d3a5d7914065490f08c0690/cffi-1.17.1-cp313-cp313-manylinux_2_17_ppc64le.manylinux2014_ppc64le.whl", hash = "sha256:de55b766c7aa2e2a3092c51e0483d700341182f08e67c63630d5b6f200bb28e5", size = 485810, upload-time = "2024-09-04T20:44:35.191Z" },
    { url = "https://files.pythonhosted.org/packages/c7/8a/1d0e4a9c26e54746dc08c2c6c037889124d4f59dffd853a659fa545f1b40/cffi-1.17.1-cp313-cp313-manylinux_2_17_s390x.manylinux2014_s390x.whl", hash = "sha256:c59d6e989d07460165cc5ad3c61f9fd8f1b4796eacbd81cee78957842b834af4", size = 471200, upload-time = "2024-09-04T20:44:36.743Z" },
    { url = "https://files.pythonhosted.org/packages/26/9f/1aab65a6c0db35f43c4d1b4f580e8df53914310afc10ae0397d29d697af4/cffi-1.17.1-cp313-cp313-manylinux_2_17_x86_64.manylinux2014_x86_64.whl", hash = "sha256:dd398dbc6773384a17fe0d3e7eeb8d1a21c2200473ee6806bb5e6a8e62bb73dd", size = 479447, upload-time = "2024-09-04T20:44:38.492Z" },
    { url = "https://files.pythonhosted.org/packages/5f/e4/fb8b3dd8dc0e98edf1135ff067ae070bb32ef9d509d6cb0f538cd6f7483f/cffi-1.17.1-cp313-cp313-musllinux_1_1_aarch64.whl", hash = "sha256:3edc8d958eb099c634dace3c7e16560ae474aa3803a5df240542b305d14e14ed", size = 484358, upload-time = "2024-09-04T20:44:40.046Z" },
    { url = "https://files.pythonhosted.org/packages/f1/47/d7145bf2dc04684935d57d67dff9d6d795b2ba2796806bb109864be3a151/cffi-1.17.1-cp313-cp313-musllinux_1_1_x86_64.whl", hash = "sha256:72e72408cad3d5419375fc87d289076ee319835bdfa2caad331e377589aebba9", size = 488469, upload-time = "2024-09-04T20:44:41.616Z" },
    { url = "https://files.pythonhosted.org/packages/bf/ee/f94057fa6426481d663b88637a9a10e859e492c73d0384514a17d78ee205/cffi-1.17.1-cp313-cp313-win32.whl", hash = "sha256:e03eab0a8677fa80d646b5ddece1cbeaf556c313dcfac435ba11f107ba117b5d", size = 172475, upload-time = "2024-09-04T20:44:43.733Z" },
    { url = "https://files.pythonhosted.org/packages/7c/fc/6a8cb64e5f0324877d503c854da15d76c1e50eb722e320b15345c4d0c6de/cffi-1.17.1-cp313-cp313-win_amd64.whl", hash = "sha256:f6a16c31041f09ead72d69f583767292f750d24913dadacf5756b966aacb3f1a", size = 182009, upload-time = "2024-09-04T20:44:45.309Z" },
]

[[package]]
name = "clr-loader"
version = "0.2.7.post0"
source = { registry = "https://pypi.org/simple" }
dependencies = [
    { name = "cffi" },
]
sdist = { url = "https://files.pythonhosted.org/packages/d5/b3/8ae917e458394e2cebdbf17bed0a8204f8d4ffc79a093a7b1141c7731d3c/clr_loader-0.2.7.post0.tar.gz", hash = "sha256:b7a8b3f8fbb1bcbbb6382d887e21d1742d4f10b5ea209e4ad95568fe97e1c7c6", size = 56701, upload-time = "2024-12-12T20:15:15.555Z" }
wheels = [
    { url = "https://files.pythonhosted.org/packages/9c/c0/06e64a54bced4e8b885c1e7ec03ee1869e52acf69e87da40f92391a214ad/clr_loader-0.2.7.post0-py3-none-any.whl", hash = "sha256:e0b9fcc107d48347a4311a28ffe3ae78c4968edb216ffb6564cb03f7ace0bb47", size = 50649, upload-time = "2024-12-12T20:15:13.714Z" },
]

[[package]]
name = "lxml"
version = "6.0.0"
source = { registry = "https://pypi.org/simple" }
sdist = { url = "https://files.pythonhosted.org/packages/c5/ed/60eb6fa2923602fba988d9ca7c5cdbd7cf25faa795162ed538b527a35411/lxml-6.0.0.tar.gz", hash = "sha256:032e65120339d44cdc3efc326c9f660f5f7205f3a535c1fdbf898b29ea01fb72", size = 4096938, upload-time = "2025-06-26T16:28:19.373Z" }
wheels = [
    { url = "https://files.pythonhosted.org/packages/89/c3/d01d735c298d7e0ddcedf6f028bf556577e5ab4f4da45175ecd909c79378/lxml-6.0.0-cp312-cp312-macosx_10_13_universal2.whl", hash = "sha256:78718d8454a6e928470d511bf8ac93f469283a45c354995f7d19e77292f26108", size = 8429515, upload-time = "2025-06-26T16:26:06.776Z" },
    { url = "https://files.pythonhosted.org/packages/06/37/0e3eae3043d366b73da55a86274a590bae76dc45aa004b7042e6f97803b1/lxml-6.0.0-cp312-cp312-macosx_10_13_x86_64.whl", hash = "sha256:84ef591495ffd3f9dcabffd6391db7bb70d7230b5c35ef5148354a134f56f2be", size = 4601387, upload-time = "2025-06-26T16:26:09.511Z" },
    { url = "https://files.pythonhosted.org/packages/79/21/6e7c060822a3c954ff085e5e1b94b4a25757c06529eac91e550f3f5cd8b8/lxml-6.0.0-cp313-cp313-macosx_10_13_universal2.whl", hash = "sha256:6da7cd4f405fd7db56e51e96bff0865b9853ae70df0e6720624049da76bde2da", size = 8414372, upload-time = "2025-06-26T16:26:39.079Z" },
    { url = "https://files.pythonhosted.org/packages/a4/f6/051b1607a459db670fc3a244fa4f06f101a8adf86cda263d1a56b3a4f9d5/lxml-6.0.0-cp313-cp313-macosx_10_13_x86_64.whl", hash = "sha256:b34339898bb556a2351a1830f88f751679f343eabf9cf05841c95b165152c9e7", size = 4593940, upload-time = "2025-06-26T16:26:41.891Z" },
]

[[package]]
name = "numpy"
version = "2.3.1"
source = { registry = "https://pypi.org/simple" }
sdist = { url = "https://files.pythonhosted.org/packages/2e/19/d7c972dfe90a353dbd3efbbe1d14a5951de80c99c9dc1b93cd998d51dc0f/numpy-2.3.1.tar.gz", hash = "sha256:1ec9ae20a4226da374362cca3c62cd753faf2f951440b0e3b98e93c235441d2b", size = 20390372, upload-time = "2025-06-21T12:28:33.469Z" }
wheels = [
    { url = "https://files.pythonhosted.org/packages/c6/56/71ad5022e2f63cfe0ca93559403d0edef14aea70a841d640bd13cdba578e/numpy-2.3.1-cp312-cp312-macosx_10_13_x86_64.whl", hash = "sha256:2959d8f268f3d8ee402b04a9ec4bb7604555aeacf78b360dc4ec27f1d508177d", size = 20896664, upload-time = "2025-06-21T12:15:30.845Z" },
    { url = "https://files.pythonhosted.org/packages/25/65/2db52ba049813670f7f987cc5db6dac9be7cd95e923cc6832b3d32d87cef/numpy-2.3.1-cp312-cp312-macosx_11_0_arm64.whl", hash = "sha256:762e0c0c6b56bdedfef9a8e1d4538556438288c4276901ea008ae44091954e29", size = 14131078, upload-time = "2025-06-21T12:15:52.23Z" },
    { url = "https://files.pythonhosted.org/packages/57/dd/28fa3c17b0e751047ac928c1e1b6990238faad76e9b147e585b573d9d1bd/numpy-2.3.1-cp312-cp312-macosx_14_0_arm64.whl", hash = "sha256:867ef172a0976aaa1f1d1b63cf2090de8b636a7674607d514505fb7276ab08fc", size = 5112554, upload-time = "2025-06-21T12:16:01.434Z" },
    { url = "https://files.pythonhosted.org/packages/c9/fc/84ea0cba8e760c4644b708b6819d91784c290288c27aca916115e3311d17/numpy-2.3.1-cp312-cp312-macosx_14_0_x86_64.whl", hash = "sha256:4e602e1b8682c2b833af89ba641ad4176053aaa50f5cacda1a27004352dde943", size = 6646560, upload-time = "2025-06-21T12:16:11.895Z" },
    { url = "https://files.pythonhosted.org/packages/61/b2/512b0c2ddec985ad1e496b0bd853eeb572315c0f07cd6997473ced8f15e2/numpy-2.3.1-cp312-cp312-manylinux_2_28_aarch64.whl", hash = "sha256:8e333040d069eba1652fb08962ec5b76af7f2c7bce1df7e1418c8055cf776f25", size = 14260638, upload-time = "2025-06-21T12:16:32.611Z" },
    { url = "https://files.pythonhosted.org/packages/6e/45/c51cb248e679a6c6ab14b7a8e3ead3f4a3fe7425fc7a6f98b3f147bec532/numpy-2.3.1-cp312-cp312-manylinux_2_28_x86_64.whl", hash = "sha256:e7cbf5a5eafd8d230a3ce356d892512185230e4781a361229bd902ff403bc660", size = 16632729, upload-time = "2025-06-21T12:16:57.439Z" },
    { url = "https://files.pythonhosted.org/packages/e4/ff/feb4be2e5c09a3da161b412019caf47183099cbea1132fd98061808c2df2/numpy-2.3.1-cp312-cp312-musllinux_1_2_aarch64.whl", hash = "sha256:5f1b8f26d1086835f442286c1d9b64bb3974b0b1e41bb105358fd07d20872952", size = 15565330, upload-time = "2025-06-21T12:17:20.638Z" },
    { url = "https://files.pythonhosted.org/packages/bc/6d/ceafe87587101e9ab0d370e4f6e5f3f3a85b9a697f2318738e5e7e176ce3/numpy-2.3.1-cp312-cp312-musllinux_1_2_x86_64.whl", hash = "sha256:ee8340cb48c9b7a5899d1149eece41ca535513a9698098edbade2a8e7a84da77", size = 18361734, upload-time = "2025-06-21T12:17:47.938Z" },
    { url = "https://files.pythonhosted.org/packages/2b/19/0fb49a3ea088be691f040c9bf1817e4669a339d6e98579f91859b902c636/numpy-2.3.1-cp312-cp312-win32.whl", hash = "sha256:e772dda20a6002ef7061713dc1e2585bc1b534e7909b2030b5a46dae8ff077ab", size = 6320411, upload-time = "2025-06-21T12:17:58.475Z" },
    { url = "https://files.pythonhosted.org/packages/b1/3e/e28f4c1dd9e042eb57a3eb652f200225e311b608632bc727ae378623d4f8/numpy-2.3.1-cp312-cp312-win_amd64.whl", hash = "sha256:cfecc7822543abdea6de08758091da655ea2210b8ffa1faf116b940693d3df76", size = 12734973, upload-time = "2025-06-21T12:18:17.601Z" },
    { url = "https://files.pythonhosted.org/packages/04/a8/8a5e9079dc722acf53522b8f8842e79541ea81835e9b5483388701421073/numpy-2.3.1-cp312-cp312-win_arm64.whl", hash = "sha256:7be91b2239af2658653c5bb6f1b8bccafaf08226a258caf78ce44710a0160d30", size = 10191491, upload-time = "2025-06-21T12:18:33.585Z" },
    { url = "https://files.pythonhosted.org/packages/d4/bd/35ad97006d8abff8631293f8ea6adf07b0108ce6fec68da3c3fcca1197f2/numpy-2.3.1-cp313-cp313-macosx_10_13_x86_64.whl", hash = "sha256:25a1992b0a3fdcdaec9f552ef10d8103186f5397ab45e2d25f8ac51b1a6b97e8", size = 20889381, upload-time = "2025-06-21T12:19:04.103Z" },
    { url = "https://files.pythonhosted.org/packages/f1/4f/df5923874d8095b6062495b39729178eef4a922119cee32a12ee1bd4664c/numpy-2.3.1-cp313-cp313-macosx_11_0_arm64.whl", hash = "sha256:7dea630156d39b02a63c18f508f85010230409db5b2927ba59c8ba4ab3e8272e", size = 14152726, upload-time = "2025-06-21T12:19:25.599Z" },
    { url = "https://files.pythonhosted.org/packages/8c/0f/a1f269b125806212a876f7efb049b06c6f8772cf0121139f97774cd95626/numpy-2.3.1-cp313-cp313-macosx_14_0_arm64.whl", hash = "sha256:bada6058dd886061f10ea15f230ccf7dfff40572e99fef440a4a857c8728c9c0", size = 5105145, upload-time = "2025-06-21T12:19:34.782Z" },
    { url = "https://files.pythonhosted.org/packages/6d/63/a7f7fd5f375b0361682f6ffbf686787e82b7bbd561268e4f30afad2bb3c0/numpy-2.3.1-cp313-cp313-macosx_14_0_x86_64.whl", hash = "sha256:a894f3816eb17b29e4783e5873f92faf55b710c2519e5c351767c51f79d8526d", size = 6639409, upload-time = "2025-06-21T12:19:45.228Z" },
    { url = "https://files.pythonhosted.org/packages/bf/0d/1854a4121af895aab383f4aa233748f1df4671ef331d898e32426756a8a6/numpy-2.3.1-cp313-cp313-manylinux_2_28_aarch64.whl", hash = "sha256:18703df6c4a4fee55fd3d6e5a253d01c5d33a295409b03fda0c86b3ca2ff41a1", size = 14257630, upload-time = "2025-06-21T12:20:06.544Z" },
    { url = "https://files.pythonhosted.org/packages/50/30/af1b277b443f2fb08acf1c55ce9d68ee540043f158630d62cef012750f9f/numpy-2.3.1-cp313-cp313-manylinux_2_28_x86_64.whl", hash = "sha256:5902660491bd7a48b2ec16c23ccb9124b8abfd9583c5fdfa123fe6b421e03de1", size = 16627546, upload-time = "2025-06-21T12:20:31.002Z" },
    { url = "https://files.pythonhosted.org/packages/6e/ec/3b68220c277e463095342d254c61be8144c31208db18d3fd8ef02712bcd6/numpy-2.3.1-cp313-cp313-musllinux_1_2_aarch64.whl", hash = "sha256:36890eb9e9d2081137bd78d29050ba63b8dab95dff7912eadf1185e80074b2a0", size = 15562538, upload-time = "2025-06-21T12:20:54.322Z" },
    { url = "https://files.pythonhosted.org/packages/77/2b/4014f2bcc4404484021c74d4c5ee8eb3de7e3f7ac75f06672f8dcf85140a/numpy-2.3.1-cp313-cp313-musllinux_1_2_x86_64.whl", hash = "sha256:a780033466159c2270531e2b8ac063704592a0bc62ec4a1b991c7c40705eb0e8", size = 18360327, upload-time = "2025-06-21T12:21:21.053Z" },
    { url = "https://files.pythonhosted.org/packages/40/8d/2ddd6c9b30fcf920837b8672f6c65590c7d92e43084c25fc65edc22e93ca/numpy-2.3.1-cp313-cp313-win32.whl", hash = "sha256:39bff12c076812595c3a306f22bfe49919c5513aa1e0e70fac756a0be7c2a2b8", size = 6312330, upload-time = "2025-06-21T12:25:07.447Z" },
    { url = "https://files.pythonhosted.org/packages/dd/c8/beaba449925988d415efccb45bf977ff8327a02f655090627318f6398c7b/numpy-2.3.1-cp313-cp313-win_amd64.whl", hash = "sha256:8d5ee6eec45f08ce507a6570e06f2f879b374a552087a4179ea7838edbcbfa42", size = 12731565, upload-time = "2025-06-21T12:25:26.444Z" },
    { url = "https://files.pythonhosted.org/packages/0b/c3/5c0c575d7ec78c1126998071f58facfc124006635da75b090805e642c62e/numpy-2.3.1-cp313-cp313-win_arm64.whl", hash = "sha256:0c4d9e0a8368db90f93bd192bfa771ace63137c3488d198ee21dfb8e7771916e", size = 10190262, upload-time = "2025-06-21T12:25:42.196Z" },
    { url = "https://files.pythonhosted.org/packages/ea/19/a029cd335cf72f79d2644dcfc22d90f09caa86265cbbde3b5702ccef6890/numpy-2.3.1-cp313-cp313t-macosx_10_13_x86_64.whl", hash = "sha256:b0b5397374f32ec0649dd98c652a1798192042e715df918c20672c62fb52d4b8", size = 20987593, upload-time = "2025-06-21T12:21:51.664Z" },
    { url = "https://files.pythonhosted.org/packages/25/91/8ea8894406209107d9ce19b66314194675d31761fe2cb3c84fe2eeae2f37/numpy-2.3.1-cp313-cp313t-macosx_11_0_arm64.whl", hash = "sha256:c5bdf2015ccfcee8253fb8be695516ac4457c743473a43290fd36eba6a1777eb", size = 14300523, upload-time = "2025-06-21T12:22:13.583Z" },
    { url = "https://files.pythonhosted.org/packages/a6/7f/06187b0066eefc9e7ce77d5f2ddb4e314a55220ad62dd0bfc9f2c44bac14/numpy-2.3.1-cp313-cp313t-macosx_14_0_arm64.whl", hash = "sha256:d70f20df7f08b90a2062c1f07737dd340adccf2068d0f1b9b3d56e2038979fee", size = 5227993, upload-time = "2025-06-21T12:22:22.53Z" },
    { url = "https://files.pythonhosted.org/packages/e8/ec/a926c293c605fa75e9cfb09f1e4840098ed46d2edaa6e2152ee35dc01ed3/numpy-2.3.1-cp313-cp313t-macosx_14_0_x86_64.whl", hash = "sha256:2fb86b7e58f9ac50e1e9dd1290154107e47d1eef23a0ae9145ded06ea606f992", size = 6736652, upload-time = "2025-06-21T12:22:33.629Z" },
    { url = "https://files.pythonhosted.org/packages/e3/62/d68e52fb6fde5586650d4c0ce0b05ff3a48ad4df4ffd1b8866479d1d671d/numpy-2.3.1-cp313-cp313t-manylinux_2_28_aarch64.whl", hash = "sha256:23ab05b2d241f76cb883ce8b9a93a680752fbfcbd51c50eff0b88b979e471d8c", size = 14331561, upload-time = "2025-06-21T12:22:55.056Z" },
    { url = "https://files.pythonhosted.org/packages/fc/ec/b74d3f2430960044bdad6900d9f5edc2dc0fb8bf5a0be0f65287bf2cbe27/numpy-2.3.1-cp313-cp313t-manylinux_2_28_x86_64.whl", hash = "sha256:ce2ce9e5de4703a673e705183f64fd5da5bf36e7beddcb63a25ee2286e71ca48", size = 16693349, upload-time = "2025-06-21T12:23:20.53Z" },
    { url = "https://files.pythonhosted.org/packages/0d/15/def96774b9d7eb198ddadfcbd20281b20ebb510580419197e225f5c55c3e/numpy-2.3.1-cp313-cp313t-musllinux_1_2_aarch64.whl", hash = "sha256:c4913079974eeb5c16ccfd2b1f09354b8fed7e0d6f2cab933104a09a6419b1ee", size = 15642053, upload-time = "2025-06-21T12:23:43.697Z" },
    { url = "https://files.pythonhosted.org/packages/2b/57/c3203974762a759540c6ae71d0ea2341c1fa41d84e4971a8e76d7141678a/numpy-2.3.1-cp313-cp313t-musllinux_1_2_x86_64.whl", hash = "sha256:010ce9b4f00d5c036053ca684c77441f2f2c934fd23bee058b4d6f196efd8280", size = 18434184, upload-time = "2025-06-21T12:24:10.708Z" },
    { url = "https://files.pythonhosted.org/packages/22/8a/ccdf201457ed8ac6245187850aff4ca56a79edbea4829f4e9f14d46fa9a5/numpy-2.3.1-cp313-cp313t-win32.whl", hash = "sha256:6269b9edfe32912584ec496d91b00b6d34282ca1d07eb10e82dfc780907d6c2e", size = 6440678, upload-time = "2025-06-21T12:24:21.596Z" },
    { url = "https://files.pythonhosted.org/packages/f1/7e/7f431d8bd8eb7e03d79294aed238b1b0b174b3148570d03a8a8a8f6a0da9/numpy-2.3.1-cp313-cp313t-win_amd64.whl", hash = "sha256:2a809637460e88a113e186e87f228d74ae2852a2e0c44de275263376f17b5bdc", size = 12870697, upload-time = "2025-06-21T12:24:40.644Z" },
    { url = "https://files.pythonhosted.org/packages/d4/ca/af82bf0fad4c3e573c6930ed743b5308492ff19917c7caaf2f9b6f9e2e98/numpy-2.3.1-cp313-cp313t-win_arm64.whl", hash = "sha256:eccb9a159db9aed60800187bc47a6d3451553f0e1b08b068d8b277ddfbb9b244", size = 10260376, upload-time = "2025-06-21T12:24:56.884Z" },
]

[[package]]
name = "pandas"
version = "2.3.0"
source = { registry = "https://pypi.org/simple" }
dependencies = [
    { name = "numpy" },
    { name = "python-dateutil" },
    { name = "pytz" },
    { name = "tzdata" },
]
sdist = { url = "https://files.pythonhosted.org/packages/72/51/48f713c4c728d7c55ef7444ba5ea027c26998d96d1a40953b346438602fc/pandas-2.3.0.tar.gz", hash = "sha256:34600ab34ebf1131a7613a260a61dbe8b62c188ec0ea4c296da7c9a06b004133", size = 4484490, upload-time = "2025-06-05T03:27:54.133Z" }
wheels = [
    { url = "https://files.pythonhosted.org/packages/94/46/24192607058dd607dbfacdd060a2370f6afb19c2ccb617406469b9aeb8e7/pandas-2.3.0-cp312-cp312-macosx_10_13_x86_64.whl", hash = "sha256:2eb4728a18dcd2908c7fccf74a982e241b467d178724545a48d0caf534b38ebf", size = 11573865, upload-time = "2025-06-05T03:26:46.774Z" },
    { url = "https://files.pythonhosted.org/packages/9f/cc/ae8ea3b800757a70c9fdccc68b67dc0280a6e814efcf74e4211fd5dea1ca/pandas-2.3.0-cp312-cp312-macosx_11_0_arm64.whl", hash = "sha256:b9d8c3187be7479ea5c3d30c32a5d73d62a621166675063b2edd21bc47614027", size = 10702154, upload-time = "2025-06-05T16:50:14.439Z" },
    { url = "https://files.pythonhosted.org/packages/d8/ba/a7883d7aab3d24c6540a2768f679e7414582cc389876d469b40ec749d78b/pandas-2.3.0-cp312-cp312-manylinux_2_17_aarch64.manylinux2014_aarch64.whl", hash = "sha256:9ff730713d4c4f2f1c860e36c005c7cefc1c7c80c21c0688fd605aa43c9fcf09", size = 11262180, upload-time = "2025-06-05T16:50:17.453Z" },
    { url = "https://files.pythonhosted.org/packages/01/a5/931fc3ad333d9d87b10107d948d757d67ebcfc33b1988d5faccc39c6845c/pandas-2.3.0-cp312-cp312-manylinux_2_17_x86_64.manylinux2014_x86_64.whl", hash = "sha256:ba24af48643b12ffe49b27065d3babd52702d95ab70f50e1b34f71ca703e2c0d", size = 11991493, upload-time = "2025-06-05T03:26:51.813Z" },
    { url = "https://files.pythonhosted.org/packages/d7/bf/0213986830a92d44d55153c1d69b509431a972eb73f204242988c4e66e86/pandas-2.3.0-cp312-cp312-musllinux_1_2_aarch64.whl", hash = "sha256:404d681c698e3c8a40a61d0cd9412cc7364ab9a9cc6e144ae2992e11a2e77a20", size = 12470733, upload-time = "2025-06-06T00:00:18.651Z" },
    { url = "https://files.pythonhosted.org/packages/a4/0e/21eb48a3a34a7d4bac982afc2c4eb5ab09f2d988bdf29d92ba9ae8e90a79/pandas-2.3.0-cp312-cp312-musllinux_1_2_x86_64.whl", hash = "sha256:6021910b086b3ca756755e86ddc64e0ddafd5e58e076c72cb1585162e5ad259b", size = 13212406, upload-time = "2025-06-05T03:26:55.992Z" },
    { url = "https://files.pythonhosted.org/packages/1f/d9/74017c4eec7a28892d8d6e31ae9de3baef71f5a5286e74e6b7aad7f8c837/pandas-2.3.0-cp312-cp312-win_amd64.whl", hash = "sha256:094e271a15b579650ebf4c5155c05dcd2a14fd4fdd72cf4854b2f7ad31ea30be", size = 10976199, upload-time = "2025-06-05T03:26:59.594Z" },
    { url = "https://files.pythonhosted.org/packages/d3/57/5cb75a56a4842bbd0511c3d1c79186d8315b82dac802118322b2de1194fe/pandas-2.3.0-cp313-cp313-macosx_10_13_x86_64.whl", hash = "sha256:2c7e2fc25f89a49a11599ec1e76821322439d90820108309bf42130d2f36c983", size = 11518913, upload-time = "2025-06-05T03:27:02.757Z" },
    { url = "https://files.pythonhosted.org/packages/05/01/0c8785610e465e4948a01a059562176e4c8088aa257e2e074db868f86d4e/pandas-2.3.0-cp313-cp313-macosx_11_0_arm64.whl", hash = "sha256:c6da97aeb6a6d233fb6b17986234cc723b396b50a3c6804776351994f2a658fd", size = 10655249, upload-time = "2025-06-05T16:50:20.17Z" },
    { url = "https://files.pythonhosted.org/packages/e8/6a/47fd7517cd8abe72a58706aab2b99e9438360d36dcdb052cf917b7bf3bdc/pandas-2.3.0-cp313-cp313-manylinux_2_17_aarch64.manylinux2014_aarch64.whl", hash = "sha256:bb32dc743b52467d488e7a7c8039b821da2826a9ba4f85b89ea95274f863280f", size = 11328359, upload-time = "2025-06-05T03:27:06.431Z" },
    { url = "https://files.pythonhosted.org/packages/2a/b3/463bfe819ed60fb7e7ddffb4ae2ee04b887b3444feee6c19437b8f834837/pandas-2.3.0-cp313-cp313-manylinux_2_17_x86_64.manylinux2014_x86_64.whl", hash = "sha256:213cd63c43263dbb522c1f8a7c9d072e25900f6975596f883f4bebd77295d4f3", size = 12024789, upload-time = "2025-06-05T03:27:09.875Z" },
    { url = "https://files.pythonhosted.org/packages/04/0c/e0704ccdb0ac40aeb3434d1c641c43d05f75c92e67525df39575ace35468/pandas-2.3.0-cp313-cp313-musllinux_1_2_aarch64.whl", hash = "sha256:1d2b33e68d0ce64e26a4acc2e72d747292084f4e8db4c847c6f5f6cbe56ed6d8", size = 12480734, upload-time = "2025-06-06T00:00:22.246Z" },
    { url = "https://files.pythonhosted.org/packages/e9/df/815d6583967001153bb27f5cf075653d69d51ad887ebbf4cfe1173a1ac58/pandas-2.3.0-cp313-cp313-musllinux_1_2_x86_64.whl", hash = "sha256:430a63bae10b5086995db1b02694996336e5a8ac9a96b4200572b413dfdfccb9", size = 13223381, upload-time = "2025-06-05T03:27:15.641Z" },
    { url = "https://files.pythonhosted.org/packages/79/88/ca5973ed07b7f484c493e941dbff990861ca55291ff7ac67c815ce347395/pandas-2.3.0-cp313-cp313-win_amd64.whl", hash = "sha256:4930255e28ff5545e2ca404637bcc56f031893142773b3468dc021c6c32a1390", size = 10970135, upload-time = "2025-06-05T03:27:24.131Z" },
    { url = "https://files.pythonhosted.org/packages/24/fb/0994c14d1f7909ce83f0b1fb27958135513c4f3f2528bde216180aa73bfc/pandas-2.3.0-cp313-cp313t-macosx_10_13_x86_64.whl", hash = "sha256:f925f1ef673b4bd0271b1809b72b3270384f2b7d9d14a189b12b7fc02574d575", size = 12141356, upload-time = "2025-06-05T03:27:34.547Z" },
    { url = "https://files.pythonhosted.org/packages/9d/a2/9b903e5962134497ac4f8a96f862ee3081cb2506f69f8e4778ce3d9c9d82/pandas-2.3.0-cp313-cp313t-macosx_11_0_arm64.whl", hash = "sha256:e78ad363ddb873a631e92a3c063ade1ecfb34cae71e9a2be6ad100f875ac1042", size = 11474674, upload-time = "2025-06-05T03:27:39.448Z" },
    { url = "https://files.pythonhosted.org/packages/81/3a/3806d041bce032f8de44380f866059437fb79e36d6b22c82c187e65f765b/pandas-2.3.0-cp313-cp313t-manylinux_2_17_aarch64.manylinux2014_aarch64.whl", hash = "sha256:951805d146922aed8357e4cc5671b8b0b9be1027f0619cea132a9f3f65f2f09c", size = 11439876, upload-time = "2025-06-05T03:27:43.652Z" },
    { url = "https://files.pythonhosted.org/packages/15/aa/3fc3181d12b95da71f5c2537c3e3b3af6ab3a8c392ab41ebb766e0929bc6/pandas-2.3.0-cp313-cp313t-manylinux_2_17_x86_64.manylinux2014_x86_64.whl", hash = "sha256:1a881bc1309f3fce34696d07b00f13335c41f5f5a8770a33b09ebe23261cfc67", size = 11966182, upload-time = "2025-06-05T03:27:47.652Z" },
    { url = "https://files.pythonhosted.org/packages/37/e7/e12f2d9b0a2c4a2cc86e2aabff7ccfd24f03e597d770abfa2acd313ee46b/pandas-2.3.0-cp313-cp313t-musllinux_1_2_aarch64.whl", hash = "sha256:e1991bbb96f4050b09b5f811253c4f3cf05ee89a589379aa36cd623f21a31d6f", size = 12547686, upload-time = "2025-06-06T00:00:26.142Z" },
    { url = "https://files.pythonhosted.org/packages/39/c2/646d2e93e0af70f4e5359d870a63584dacbc324b54d73e6b3267920ff117/pandas-2.3.0-cp313-cp313t-musllinux_1_2_x86_64.whl", hash = "sha256:bb3be958022198531eb7ec2008cfc78c5b1eed51af8600c6c5d9160d89d8d249", size = 13231847, upload-time = "2025-06-05T03:27:51.465Z" },
]

[[package]]
name = "psutil"
version = "7.0.0"
source = { registry = "https://pypi.org/simple" }
sdist = { url = "https://files.pythonhosted.org/packages/2a/80/336820c1ad9286a4ded7e845b2eccfcb27851ab8ac6abece774a6ff4d3de/psutil-7.0.0.tar.gz", hash = "sha256:7be9c3eba38beccb6495ea33afd982a44074b78f28c434a1f51cc07fd315c456", size = 497003, upload-time = "2025-02-13T21:54:07.946Z" }
wheels = [
    { url = "https://files.pythonhosted.org/packages/ed/e6/2d26234410f8b8abdbf891c9da62bee396583f713fb9f3325a4760875d22/psutil-7.0.0-cp36-abi3-macosx_10_9_x86_64.whl", hash = "sha256:101d71dc322e3cffd7cea0650b09b3d08b8e7c4109dd6809fe452dfd00e58b25", size = 238051, upload-time = "2025-02-13T21:54:12.36Z" },
    { url = "https://files.pythonhosted.org/packages/04/8b/30f930733afe425e3cbfc0e1468a30a18942350c1a8816acfade80c005c4/psutil-7.0.0-cp36-abi3-macosx_11_0_arm64.whl", hash = "sha256:39db632f6bb862eeccf56660871433e111b6ea58f2caea825571951d4b6aa3da", size = 239535, upload-time = "2025-02-13T21:54:16.07Z" },
]

[[package]]
name = "pycparser"
version = "2.22"
source = { registry = "https://pypi.org/simple" }
sdist = { url = "https://files.pythonhosted.org/packages/1d/b2/31537cf4b1ca988837256c910a668b553fceb8f069bedc4b1c826024b52c/pycparser-2.22.tar.gz", hash = "sha256:491c8be9c040f5390f5bf44a5b07752bd07f56edf992381b05c701439eec10f6", size = 172736, upload-time = "2024-03-30T13:22:22.564Z" }
wheels = [
    { url = "https://files.pythonhosted.org/packages/13/a3/a812df4e2dd5696d1f351d58b8fe16a405b234ad2886a0dab9183fb78109/pycparser-2.22-py3-none-any.whl", hash = "sha256:c3702b6d3dd8c7abc1afa565d7e63d53a1d0bd86cdc24edd75470f4de499cfcc", size = 117552, upload-time = "2024-03-30T13:22:20.476Z" },
]

[[package]]
name = "pytabs"
source = { editable = "." }
dependencies = [
    { name = "pythonnet" },
]

[package.optional-dependencies]
examples = [
    { name = "pandas" },
    { name = "xlwings" },
]

[package.dev-dependencies]
dev = [
    { name = "ruff" },
]

[package.metadata]
requires-dist = [
    { name = "pandas", marker = "extra == 'examples'", specifier = ">=2.3.0" },
    { name = "pythonnet", specifier = ">=3.0.5" },
    { name = "xlwings", marker = "extra == 'examples'", specifier = ">=0.33.15" },
]
provides-extras = ["examples"]

[package.metadata.requires-dev]
dev = [{ name = "ruff", specifier = ">=0.12.1" }]

[[package]]
name = "python-dateutil"
version = "2.9.0.post0"
source = { registry = "https://pypi.org/simple" }
dependencies = [
    { name = "six" },
]
sdist = { url = "https://files.pythonhosted.org/packages/66/c0/0c8b6ad9f17a802ee498c46e004a0eb49bc148f2fd230864601a86dcf6db/python-dateutil-2.9.0.post0.tar.gz", hash = "sha256:37dd54208da7e1cd875388217d5e00ebd4179249f90fb72437e91a35459a0ad3", size = 342432, upload-time = "2024-03-01T18:36:20.211Z" }
wheels = [
    { url = "https://files.pythonhosted.org/packages/ec/57/56b9bcc3c9c6a792fcbaf139543cee77261f3651ca9da0c93f5c1221264b/python_dateutil-2.9.0.post0-py2.py3-none-any.whl", hash = "sha256:a8b2bc7bffae282281c8140a97d3aa9c14da0b136dfe83f850eea9a5f7470427", size = 229892, upload-time = "2024-03-01T18:36:18.57Z" },
]

[[package]]
name = "pythonnet"
version = "3.0.5"
source = { registry = "https://pypi.org/simple" }
dependencies = [
    { name = "clr-loader" },
]
sdist = { url = "https://files.pythonhosted.org/packages/9a/d6/1afd75edd932306ae9bd2c2d961d603dc2b52fcec51b04afea464f1f6646/pythonnet-3.0.5.tar.gz", hash = "sha256:48e43ca463941b3608b32b4e236db92d8d40db4c58a75ace902985f76dac21cf", size = 239212, upload-time = "2024-12-13T08:30:44.393Z" }
wheels = [
    { url = "https://files.pythonhosted.org/packages/cd/f1/bfb6811df4745f92f14c47a29e50e89a36b1533130fcc56452d4660bd2d6/pythonnet-3.0.5-py3-none-any.whl", hash = "sha256:f6702d694d5d5b163c9f3f5cc34e0bed8d6857150237fae411fefb883a656d20", size = 297506, upload-time = "2024-12-13T08:30:40.661Z" },
]

[[package]]
name = "pytz"
version = "2025.2"
source = { registry = "https://pypi.org/simple" }
sdist = { url = "https://files.pythonhosted.org/packages/f8/bf/abbd3cdfb8fbc7fb3d4d38d320f2441b1e7cbe29be4f23797b4a2b5d8aac/pytz-2025.2.tar.gz", hash = "sha256:360b9e3dbb49a209c21ad61809c7fb453643e048b38924c765813546746e81c3", size = 320884, upload-time = "2025-03-25T02:25:00.538Z" }
wheels = [
    { url = "https://files.pythonhosted.org/packages/81/c4/34e93fe5f5429d7570ec1fa436f1986fb1f00c3e0f43a589fe2bbcd22c3f/pytz-2025.2-py2.py3-none-any.whl", hash = "sha256:5ddf76296dd8c44c26eb8f4b6f35488f3ccbf6fbbd7adee0b7262d43f0ec2f00", size = 509225, upload-time = "2025-03-25T02:24:58.468Z" },
]

[[package]]
name = "pywin32"
version = "310"
source = { registry = "https://pypi.org/simple" }
wheels = [
    { url = "https://files.pythonhosted.org/packages/6b/ec/4fdbe47932f671d6e348474ea35ed94227fb5df56a7c30cbbb42cd396ed0/pywin32-310-cp312-cp312-win32.whl", hash = "sha256:8a75a5cc3893e83a108c05d82198880704c44bbaee4d06e442e471d3c9ea4f3d", size = 8796239, upload-time = "2025-03-17T00:55:58.807Z" },
    { url = "https://files.pythonhosted.org/packages/e3/e5/b0627f8bb84e06991bea89ad8153a9e50ace40b2e1195d68e9dff6b03d0f/pywin32-310-cp312-cp312-win_amd64.whl", hash = "sha256:bf5c397c9a9a19a6f62f3fb821fbf36cac08f03770056711f765ec1503972060", size = 9503839, upload-time = "2025-03-17T00:56:00.8Z" },
    { url = "https://files.pythonhosted.org/packages/1f/32/9ccf53748df72301a89713936645a664ec001abd35ecc8578beda593d37d/pywin32-310-cp312-cp312-win_arm64.whl", hash = "sha256:2349cc906eae872d0663d4d6290d13b90621eaf78964bb1578632ff20e152966", size = 8459470, upload-time = "2025-03-17T00:56:02.601Z" },
    { url = "https://files.pythonhosted.org/packages/1c/09/9c1b978ffc4ae53999e89c19c77ba882d9fce476729f23ef55211ea1c034/pywin32-310-cp313-cp313-win32.whl", hash = "sha256:5d241a659c496ada3253cd01cfaa779b048e90ce4b2b38cd44168ad555ce74ab", size = 8794384, upload-time = "2025-03-17T00:56:04.383Z" },
    { url = "https://files.pythonhosted.org/packages/45/3c/b4640f740ffebadd5d34df35fecba0e1cfef8fde9f3e594df91c28ad9b50/pywin32-310-cp313-cp313-win_amd64.whl", hash = "sha256:667827eb3a90208ddbdcc9e860c81bde63a135710e21e4cb3348968e4bd5249e", size = 9503039, upload-time = "2025-03-17T00:56:06.207Z" },
    { url = "https://files.pythonhosted.org/packages/b4/f4/f785020090fb050e7fb6d34b780f2231f302609dc964672f72bfaeb59a28/pywin32-310-cp313-cp313-win_arm64.whl", hash = "sha256:e308f831de771482b7cf692a1f308f8fca701b2d8f9dde6cc440c7da17e47b33", size = 8458152, upload-time = "2025-03-17T00:56:07.819Z" },
]

[[package]]
name = "ruff"
version = "0.12.1"
source = { registry = "https://pypi.org/simple" }
sdist = { url = "https://files.pythonhosted.org/packages/97/38/796a101608a90494440856ccfb52b1edae90de0b817e76bfade66b12d320/ruff-0.12.1.tar.gz", hash = "sha256:806bbc17f1104fd57451a98a58df35388ee3ab422e029e8f5cf30aa4af2c138c", size = 4413426, upload-time = "2025-06-26T20:34:14.784Z" }
wheels = [
    { url = "https://files.pythonhosted.org/packages/06/bf/3dba52c1d12ab5e78d75bd78ad52fb85a6a1f29cc447c2423037b82bed0d/ruff-0.12.1-py3-none-linux_armv6l.whl", hash = "sha256:6013a46d865111e2edb71ad692fbb8262e6c172587a57c0669332a449384a36b", size = 10305649, upload-time = "2025-06-26T20:33:39.242Z" },
    { url = "https://files.pythonhosted.org/packages/8c/65/dab1ba90269bc8c81ce1d499a6517e28fe6f87b2119ec449257d0983cceb/ruff-0.12.1-py3-none-macosx_10_12_x86_64.whl", hash = "sha256:b3f75a19e03a4b0757d1412edb7f27cffb0c700365e9d6b60bc1b68d35bc89e0", size = 11120201, upload-time = "2025-06-26T20:33:42.207Z" },
    { url = "https://files.pythonhosted.org/packages/3f/3e/2d819ffda01defe857fa2dd4cba4d19109713df4034cc36f06bbf582d62a/ruff-0.12.1-py3-none-macosx_11_0_arm64.whl", hash = "sha256:9a256522893cb7e92bb1e1153283927f842dea2e48619c803243dccc8437b8be", size = 10466769, upload-time = "2025-06-26T20:33:44.102Z" },
    { url = "https://files.pythonhosted.org/packages/63/37/bde4cf84dbd7821c8de56ec4ccc2816bce8125684f7b9e22fe4ad92364de/ruff-0.12.1-py3-none-manylinux_2_17_aarch64.manylinux2014_aarch64.whl", hash = "sha256:069052605fe74c765a5b4272eb89880e0ff7a31e6c0dbf8767203c1fbd31c7ff", size = 10660902, upload-time = "2025-06-26T20:33:45.98Z" },
    { url = "https://files.pythonhosted.org/packages/0e/3a/390782a9ed1358c95e78ccc745eed1a9d657a537e5c4c4812fce06c8d1a0/ruff-0.12.1-py3-none-manylinux_2_17_armv7l.manylinux2014_armv7l.whl", hash = "sha256:a684f125a4fec2d5a6501a466be3841113ba6847827be4573fddf8308b83477d", size = 10167002, upload-time = "2025-06-26T20:33:47.81Z" },
    { url = "https://files.pythonhosted.org/packages/6d/05/f2d4c965009634830e97ffe733201ec59e4addc5b1c0efa035645baa9e5f/ruff-0.12.1-py3-none-manylinux_2_17_i686.manylinux2014_i686.whl", hash = "sha256:bdecdef753bf1e95797593007569d8e1697a54fca843d78f6862f7dc279e23bd", size = 11751522, upload-time = "2025-06-26T20:33:49.857Z" },
    { url = "https://files.pythonhosted.org/packages/35/4e/4bfc519b5fcd462233f82fc20ef8b1e5ecce476c283b355af92c0935d5d9/ruff-0.12.1-py3-none-manylinux_2_17_ppc64.manylinux2014_ppc64.whl", hash = "sha256:70d52a058c0e7b88b602f575d23596e89bd7d8196437a4148381a3f73fcd5010", size = 12520264, upload-time = "2025-06-26T20:33:52.199Z" },
    { url = "https://files.pythonhosted.org/packages/85/b2/7756a6925da236b3a31f234b4167397c3e5f91edb861028a631546bad719/ruff-0.12.1-py3-none-manylinux_2_17_ppc64le.manylinux2014_ppc64le.whl", hash = "sha256:84d0a69d1e8d716dfeab22d8d5e7c786b73f2106429a933cee51d7b09f861d4e", size = 12133882, upload-time = "2025-06-26T20:33:54.231Z" },
    { url = "https://files.pythonhosted.org/packages/dd/00/40da9c66d4a4d51291e619be6757fa65c91b92456ff4f01101593f3a1170/ruff-0.12.1-py3-none-manylinux_2_17_s390x.manylinux2014_s390x.whl", hash = "sha256:6cc32e863adcf9e71690248607ccdf25252eeeab5193768e6873b901fd441fed", size = 11608941, upload-time = "2025-06-26T20:33:56.202Z" },
    { url = "https://files.pythonhosted.org/packages/91/e7/f898391cc026a77fbe68dfea5940f8213622474cb848eb30215538a2dadf/ruff-0.12.1-py3-none-manylinux_2_17_x86_64.manylinux2014_x86_64.whl", hash = "sha256:7fd49a4619f90d5afc65cf42e07b6ae98bb454fd5029d03b306bd9e2273d44cc", size = 11602887, upload-time = "2025-06-26T20:33:58.47Z" },
    { url = "https://files.pythonhosted.org/packages/f6/02/0891872fc6aab8678084f4cf8826f85c5d2d24aa9114092139a38123f94b/ruff-0.12.1-py3-none-musllinux_1_2_aarch64.whl", hash = "sha256:ed5af6aaaea20710e77698e2055b9ff9b3494891e1b24d26c07055459bb717e9", size = 10521742, upload-time = "2025-06-26T20:34:00.465Z" },
    { url = "https://files.pythonhosted.org/packages/2a/98/d6534322c74a7d47b0f33b036b2498ccac99d8d8c40edadb552c038cecf1/ruff-0.12.1-py3-none-musllinux_1_2_armv7l.whl", hash = "sha256:801d626de15e6bf988fbe7ce59b303a914ff9c616d5866f8c79eb5012720ae13", size = 10149909, upload-time = "2025-06-26T20:34:02.603Z" },
    { url = "https://files.pythonhosted.org/packages/34/5c/9b7ba8c19a31e2b6bd5e31aa1e65b533208a30512f118805371dbbbdf6a9/ruff-0.12.1-py3-none-musllinux_1_2_i686.whl", hash = "sha256:2be9d32a147f98a1972c1e4df9a6956d612ca5f5578536814372113d09a27a6c", size = 11136005, upload-time = "2025-06-26T20:34:04.723Z" },
    { url = "https://files.pythonhosted.org/packages/dc/34/9bbefa4d0ff2c000e4e533f591499f6b834346025e11da97f4ded21cb23e/ruff-0.12.1-py3-none-musllinux_1_2_x86_64.whl", hash = "sha256:49b7ce354eed2a322fbaea80168c902de9504e6e174fd501e9447cad0232f9e6", size = 11648579, upload-time = "2025-06-26T20:34:06.766Z" },
    { url = "https://files.pythonhosted.org/packages/6f/1c/20cdb593783f8f411839ce749ec9ae9e4298c2b2079b40295c3e6e2089e1/ruff-0.12.1-py3-none-win32.whl", hash = "sha256:d973fa626d4c8267848755bd0414211a456e99e125dcab147f24daa9e991a245", size = 10519495, upload-time = "2025-06-26T20:34:08.718Z" },
    { url = "https://files.pythonhosted.org/packages/cf/56/7158bd8d3cf16394928f47c637d39a7d532268cd45220bdb6cd622985760/ruff-0.12.1-py3-none-win_amd64.whl", hash = "sha256:9e1123b1c033f77bd2590e4c1fe7e8ea72ef990a85d2484351d408224d603013", size = 11547485, upload-time = "2025-06-26T20:34:11.008Z" },
    { url = "https://files.pythonhosted.org/packages/91/d0/6902c0d017259439d6fd2fd9393cea1cfe30169940118b007d5e0ea7e954/ruff-0.12.1-py3-none-win_arm64.whl", hash = "sha256:78ad09a022c64c13cc6077707f036bab0fac8cd7088772dcd1e5be21c5002efc", size = 10691209, upload-time = "2025-06-26T20:34:12.928Z" },
]

[[package]]
name = "six"
version = "1.17.0"
source = { registry = "https://pypi.org/simple" }
sdist = { url = "https://files.pythonhosted.org/packages/94/e7/b2c673351809dca68a0e064b6af791aa332cf192da575fd474ed7d6f16a2/six-1.17.0.tar.gz", hash = "sha256:ff70335d468e7eb6ec65b95b99d3a2836546063f63acc5171de367e834932a81", size = 34031, upload-time = "2024-12-04T17:35:28.174Z" }
wheels = [
    { url = "https://files.pythonhosted.org/packages/b7/ce/149a00dd41f10bc29e5921b496af8b574d8413afcd5e30dfa0ed46c2cc5e/six-1.17.0-py2.py3-none-any.whl", hash = "sha256:4721f391ed90541fddacab5acf947aa0d3dc7d27b2e1e8eda2be8970586c3274", size = 11050, upload-time = "2024-12-04T17:35:26.475Z" },
]

[[package]]
name = "tzdata"
version = "2025.2"
source = { registry = "https://pypi.org/simple" }
sdist = { url = "https://files.pythonhosted.org/packages/95/32/1a225d6164441be760d75c2c42e2780dc0873fe382da3e98a2e1e48361e5/tzdata-2025.2.tar.gz", hash = "sha256:b60a638fcc0daffadf82fe0f57e53d06bdec2f36c4df66280ae79bce6bd6f2b9", size = 196380, upload-time = "2025-03-23T13:54:43.652Z" }
wheels = [
    { url = "https://files.pythonhosted.org/packages/5c/23/c7abc0ca0a1526a0774eca151daeb8de62ec457e77262b66b359c3c7679e/tzdata-2025.2-py2.py3-none-any.whl", hash = "sha256:1a403fada01ff9221ca8044d701868fa132215d84beb92242d9acd2147f667a8", size = 347839, upload-time = "2025-03-23T13:54:41.845Z" },
]

[[package]]
name = "xlwings"
version = "0.33.15"
source = { registry = "https://pypi.org/simple" }
dependencies = [
    { name = "appscript", marker = "sys_platform == 'darwin'" },
    { name = "psutil", marker = "sys_platform == 'darwin'" },
    { name = "pywin32", marker = "sys_platform == 'win32'" },
]
sdist = { url = "https://files.pythonhosted.org/packages/ba/02/15d3d2f5c1ad526a925fe0549a7f0ae35e19ca9cfecf94e61b0891ce5e3d/xlwings-0.33.15.tar.gz", hash = "sha256:c3fdeda516d87cfda0316daf3b97b49e31bde577007cefb6b6a245850546daa6", size = 15703229, upload-time = "2025-05-21T08:50:39.205Z" }
wheels = [
    { url = "https://files.pythonhosted.org/packages/2d/c0/633e07076326d9d3c815082354b8c2ec0088aff671f213aa444e40429c23/xlwings-0.33.15-cp312-cp312-macosx_10_12_x86_64.whl", hash = "sha256:9706811cd15d29ce790e677b021e6c7b448c44d63ef51d2b6dd51d102cfa4b59", size = 1415275, upload-time = "2025-05-21T08:51:04.426Z" },
    { url = "https://files.pythonhosted.org/packages/25/83/f61207ebc83218a153d3a94c97708ae32a769e5131fee17c6e1bc9f26d35/xlwings-0.33.15-cp312-cp312-macosx_11_0_arm64.whl", hash = "sha256:dbed48fabbea5bd7dc00d72a0179b880508800536a8475c168217f136d51cb97", size = 1401706, upload-time = "2025-05-21T08:51:05.633Z" },
    { url = "https://files.pythonhosted.org/packages/06/59/1bf52467bde675bdcc3f985658514b4a9f3349e141d95d5f5f52f5e164c6/xlwings-0.33.15-cp312-cp312-manylinux_2_17_aarch64.manylinux2014_aarch64.whl", hash = "sha256:e184e62ae1fc43fb82bf34b3581cce95fc73258054e9b77fb70d480390ee5dea", size = 1459411, upload-time = "2025-05-21T08:51:06.769Z" },
    { url = "https://files.pythonhosted.org/packages/39/b5/57f747ac77964d3e00293cb131634939060e784c5e38f1ee8d06e264286a/xlwings-0.33.15-cp312-cp312-manylinux_2_17_armv7l.manylinux2014_armv7l.whl", hash = "sha256:82a9bb695e34214a372e2cd69f7575b56df5cccd82ce5725a9044388ab0a2e79", size = 1464965, upload-time = "2025-05-21T08:51:07.922Z" },
    { url = "https://files.pythonhosted.org/packages/05/bf/f472e82439c2b0b8f0428598fcf6873425affb35140e0713efce64603b2b/xlwings-0.33.15-cp312-cp312-manylinux_2_17_x86_64.manylinux2014_x86_64.whl", hash = "sha256:e59893d47ce5260a1481d6f3847c64f9b66097e43e30ecbec59ad2ac8dea50cf", size = 1466261, upload-time = "2025-05-21T08:51:09.109Z" },
    { url = "https://files.pythonhosted.org/packages/cf/58/a021494c0c84cbba73cf6778ebf9ae872d3ee3554c6be7c02c5727110de7/xlwings-0.33.15-cp312-cp312-musllinux_1_1_aarch64.whl", hash = "sha256:3e5b9aef017855014cdd370d39e93955242ebba9ede10c5068d4f9f7d82dfd87", size = 1638714, upload-time = "2025-05-21T08:51:10.255Z" },
    { url = "https://files.pythonhosted.org/packages/01/91/37fbd1cacb0b7a179708423aa2cf7d2a6240a41e46f5e328672f6890b714/xlwings-0.33.15-cp312-cp312-musllinux_1_1_x86_64.whl", hash = "sha256:dfa839518f310349637e6046196b8a320a1538ec090aaf52ca8198807954d148", size = 1637551, upload-time = "2025-05-21T08:51:11.875Z" },
    { url = "https://files.pythonhosted.org/packages/0f/e8/4079b6c57555376d58e25979e0f6a33751fb59034b64ccf7cb2a7d2e0732/xlwings-0.33.15-cp312-cp312-win_amd64.whl", hash = "sha256:a3caf75015b4009667255df9dba9fcacc150b175de57a14ba95aa77ed6a082b6", size = 1630875, upload-time = "2025-05-21T08:51:13.062Z" },
    { url = "https://files.pythonhosted.org/packages/b9/dd/c45acbe75fae1ec825e0da8e00d320398f960343927ec7eb6020254b51e8/xlwings-0.33.15-cp313-cp313-macosx_10_12_x86_64.whl", hash = "sha256:6042c620283325c80ba1341e59c1d128291df0bf4b8cb0b8e77d6ab9ac4fa5ee", size = 1414871, upload-time = "2025-05-21T08:51:14.236Z" },
    { url = "https://files.pythonhosted.org/packages/63/19/0d4c458c0d2f7124849fd06acc5ce6010090280dbf0f99a36845b5901238/xlwings-0.33.15-cp313-cp313-macosx_11_0_arm64.whl", hash = "sha256:48aba2431f7b470e838fac6d79e8a030cf98939e48b127e248ea79a5f21bb4e9", size = 1401453, upload-time = "2025-05-21T08:51:15.395Z" },
    { url = "https://files.pythonhosted.org/packages/ef/6b/9556746939f655d51d60d4ccfd04502d8460d0e872220c3df6bcd41d14c8/xlwings-0.33.15-cp313-cp313-manylinux_2_17_aarch64.manylinux2014_aarch64.whl", hash = "sha256:a81589fcabe92bf5a79aa7fc01221074b6c50e5a8b69a27e8fc28df365bd398b", size = 1459079, upload-time = "2025-05-21T08:51:16.602Z" },
    { url = "https://files.pythonhosted.org/packages/29/c6/fad054ed257f8a12e34ded0f629c413d1d52bd95d17cd0ab2560364622a4/xlwings-0.33.15-cp313-cp313-manylinux_2_17_armv7l.manylinux2014_armv7l.whl", hash = "sha256:106b0e33a8e2459c3cd76e3bba5f938876dc75c8a03aadd2f226ce3c6f9fe95b", size = 1464481, upload-time = "2025-05-21T08:51:17.8Z" },
    { url = "https://files.pythonhosted.org/packages/ed/32/7ba3cdb4d9c6df4657f160900ed609e7be718417ca24ff18fa40d97350e2/xlwings-0.33.15-cp313-cp313-manylinux_2_17_x86_64.manylinux2014_x86_64.whl", hash = "sha256:aea8fdfbf340d68b0c1f96abf6cd5688cb0d243df0893627a6c66283babda365", size = 1466001, upload-time = "2025-05-21T08:51:19.098Z" },
    { url = "https://files.pythonhosted.org/packages/d6/ee/85b28c143da1834215b5f0b0525c5d99fd01f0096f027e8f97d163c825d9/xlwings-0.33.15-cp313-cp313-musllinux_1_1_aarch64.whl", hash = "sha256:09c0090ae5ac42845430c1370d4798a882bbfdae6e36186918824b3b392da5d9", size = 1638238, upload-time = "2025-05-21T08:51:20.277Z" },
    { url = "https://files.pythonhosted.org/packages/43/8a/78275c61601b682ec69db0ec7c05e1b1043da729017c5a1ac2769787df81/xlwings-0.33.15-cp313-cp313-musllinux_1_1_x86_64.whl", hash = "sha256:390b9753040a44db35eb473cf818ae57145c49a9e7e5cb02c9fd750bdf3da583", size = 1637256, upload-time = "2025-05-21T08:51:21.447Z" },
    { url = "https://files.pythonhosted.org/packages/76/43/ed764fab5455676138578d6905c59674acf7f45eed3d451e8faf48c7c4b5/xlwings-0.33.15-cp313-cp313-win_amd64.whl", hash = "sha256:75b0dba6fea351421be00afcb00e218d7370c3e62c92c8207db2ca95500f5589", size = 1630573, upload-time = "2025-05-21T08:51:22.571Z" },
    { url = "https://files.pythonhosted.org/packages/db/5f/7a1cbfe8ff468efdcb6222ebb46ec606a209740b6d680f78ca2fa2114909/xlwings-0.33.15-py3-none-any.whl", hash = "sha256:84f1bf30bbb3f28dfab7140667cd1575efa016969a8a37e56a0cd7d77ee152e4", size = 732584, upload-time = "2025-05-21T08:51:36.018Z" },
]
